
Microsoft Visual Studio Solution File, Format Version 12.00
# Visual Studio Version 17
VisualStudioVersion = 17.14.36408.4 d17.14
MinimumVisualStudioVersion = 10.0.40219.1
Project("{FAE04EC0-301F-11D3-BF4B-00C04F79EFBC}") = "UTN_FRGP_ActividadII", "UTN_FRGP_ActividadII.csproj", "{065B9AF4-FBB4-441A-A68E-2A8FE4AC3F9F}"
EndProject
Global
	GlobalSection(SolutionConfigurationPlatforms) = preSolution
		Debug|Any CPU = Debug|Any CPU
		Release|Any CPU = Release|Any CPU
	EndGlobalSection
	GlobalSection(ProjectConfigurationPlatforms) = postSolution
		{065B9AF4-FBB4-441A-A68E-2A8FE4AC3F9F}.Debug|Any CPU.ActiveCfg = Debug|Any CPU
		{065B9AF4-FBB4-441A-A68E-2A8FE4AC3F9F}.Debug|Any CPU.Build.0 = Debug|Any CPU
		{065B9AF4-FBB4-441A-A68E-2A8FE4AC3F9F}.Release|Any CPU.ActiveCfg = Release|Any CPU
		{065B9AF4-FBB4-441A-A68E-2A8FE4AC3F9F}.Release|Any CPU.Build.0 = Release|Any CPU
	EndGlobalSection
	GlobalSection(SolutionProperties) = preSolution
		HideSolutionNode = FALSE
	EndGlobalSection
	GlobalSection(ExtensibilityGlobals) = postSolution
		SolutionGuid = {3D62D915-C201-4909-BB94-3CC84ED90E4E}
	EndGlobalSection
EndGlobal
