
Microsoft Visual Studio Solution File, Format Version 12.00
# Visual Studio Version 17
VisualStudioVersion = 17.14.36408.4 d17.14
MinimumVisualStudioVersion = 10.0.40219.1
Project("{FAE04EC0-301F-11D3-BF4B-00C04F79EFBC}") = "Dominio", "Dominio.csproj", "{9EDE711F-C84F-4A73-B1E6-C66805660042}"
EndProject
Global
	GlobalSection(SolutionConfigurationPlatforms) = preSolution
		Debug|Any CPU = Debug|Any CPU
		Release|Any CPU = Release|Any CPU
	EndGlobalSection
	GlobalSection(ProjectConfigurationPlatforms) = postSolution
		{9EDE711F-C84F-4A73-B1E6-C66805660042}.Debug|Any CPU.ActiveCfg = Debug|Any CPU
		{9EDE711F-C84F-4A73-B1E6-C66805660042}.Debug|Any CPU.Build.0 = Debug|Any CPU
		{9EDE711F-C84F-4A73-B1E6-C66805660042}.Release|Any CPU.ActiveCfg = Release|Any CPU
		{9EDE711F-C84F-4A73-B1E6-C66805660042}.Release|Any CPU.Build.0 = Release|Any CPU
	EndGlobalSection
	GlobalSection(SolutionProperties) = preSolution
		HideSolutionNode = FALSE
	EndGlobalSection
	GlobalSection(ExtensibilityGlobals) = postSolution
		SolutionGuid = {8742507A-82F3-42D0-8F74-BF41C13DEDE1}
	EndGlobalSection
EndGlobal
